// !$*UTF8*$!
{
	archiveVersion = 1;
	classes = {
	};
	objectVersion = 46;
	objects = {

/* Begin PBXBuildFile section */
		C5934E2C1C685CBC002FF345 /* main.m in Sources */ = {isa = PBXBuildFile; fileRef = C5934E2B1C685CBC002FF345 /* main.m */; };
		C5934E2F1C685CBC002FF345 /* AppDelegate.m in Sources */ = {isa = PBXBuildFile; fileRef = C5934E2E1C685CBC002FF345 /* AppDelegate.m */; };
		C5934E321C685CBC002FF345 /* ViewController.m in Sources */ = {isa = PBXBuildFile; fileRef = C5934E311C685CBC002FF345 /* ViewController.m */; };
		C5934E451C685CBC002FF345 /* PWCValidationTests.m in Sources */ = {isa = PBXBuildFile; fileRef = C5934E441C685CBC002FF345 /* PWCValidationTests.m */; };
		C5934E561C685DBA002FF345 /* Assets.xcassets in Resources */ = {isa = PBXBuildFile; fileRef = C5934E501C685DBA002FF345 /* Assets.xcassets */; };
		C5934E571C685DBA002FF345 /* LaunchScreen.storyboard in Resources */ = {isa = PBXBuildFile; fileRef = C5934E511C685DBA002FF345 /* LaunchScreen.storyboard */; };
		C5934E581C685DBA002FF345 /* Main.storyboard in Resources */ = {isa = PBXBuildFile; fileRef = C5934E531C685DBA002FF345 /* Main.storyboard */; };
		C5934E5B1C685DE6002FF345 /* PWCValidation.m in Sources */ = {isa = PBXBuildFile; fileRef = C5934E5A1C685DE6002FF345 /* PWCValidation.m */; };
/* End PBXBuildFile section */

/* Begin PBXContainerItemProxy section */
		C5934E411C685CBC002FF345 /* PBXContainerItemProxy */ = {
			isa = PBXContainerItemProxy;
			containerPortal = C5934E1F1C685CBC002FF345 /* Project object */;
			proxyType = 1;
			remoteGlobalIDString = C5934E261C685CBC002FF345;
			remoteInfo = PWCValidation;
		};
/* End PBXContainerItemProxy section */

/* Begin PBXFileReference section */
		C5934E271C685CBC002FF345 /* PWCValidation.app */ = {isa = PBXFileReference; explicitFileType = wrapper.application; includeInIndex = 0; path = PWCValidation.app; sourceTree = BUILT_PRODUCTS_DIR; };
		C5934E2B1C685CBC002FF345 /* main.m */ = {isa = PBXFileReference; lastKnownFileType = sourcecode.c.objc; path = main.m; sourceTree = "<group>"; };
		C5934E2D1C685CBC002FF345 /* AppDelegate.h */ = {isa = PBXFileReference; lastKnownFileType = sourcecode.c.h; path = AppDelegate.h; sourceTree = "<group>"; };
		C5934E2E1C685CBC002FF345 /* AppDelegate.m */ = {isa = PBXFileReference; lastKnownFileType = sourcecode.c.objc; path = AppDelegate.m; sourceTree = "<group>"; };
		C5934E301C685CBC002FF345 /* ViewController.h */ = {isa = PBXFileReference; lastKnownFileType = sourcecode.c.h; path = ViewController.h; sourceTree = "<group>"; };
		C5934E311C685CBC002FF345 /* ViewController.m */ = {isa = PBXFileReference; lastKnownFileType = sourcecode.c.objc; path = ViewController.m; sourceTree = "<group>"; };
		C5934E3B1C685CBC002FF345 /* Info.plist */ = {isa = PBXFileReference; lastKnownFileType = text.plist.xml; path = Info.plist; sourceTree = "<group>"; };
		C5934E401C685CBC002FF345 /* PWCValidationTests.xctest */ = {isa = PBXFileReference; explicitFileType = wrapper.cfbundle; includeInIndex = 0; path = PWCValidationTests.xctest; sourceTree = BUILT_PRODUCTS_DIR; };
		C5934E441C685CBC002FF345 /* PWCValidationTests.m */ = {isa = PBXFileReference; lastKnownFileType = sourcecode.c.objc; path = PWCValidationTests.m; sourceTree = "<group>"; };
		C5934E461C685CBC002FF345 /* Info.plist */ = {isa = PBXFileReference; lastKnownFileType = text.plist.xml; path = Info.plist; sourceTree = "<group>"; };
		C5934E501C685DBA002FF345 /* Assets.xcassets */ = {isa = PBXFileReference; lastKnownFileType = folder.assetcatalog; path = Assets.xcassets; sourceTree = "<group>"; };
		C5934E521C685DBA002FF345 /* Base */ = {isa = PBXFileReference; lastKnownFileType = file.storyboard; name = Base; path = Base.lproj/LaunchScreen.storyboard; sourceTree = "<group>"; };
		C5934E541C685DBA002FF345 /* Base */ = {isa = PBXFileReference; lastKnownFileType = file.storyboard; name = Base; path = Base.lproj/Main.storyboard; sourceTree = "<group>"; };
		C5934E591C685DE6002FF345 /* PWCValidation.h */ = {isa = PBXFileReference; fileEncoding = 4; lastKnownFileType = sourcecode.c.h; path = PWCValidation.h; sourceTree = "<group>"; };
		C5934E5A1C685DE6002FF345 /* PWCValidation.m */ = {isa = PBXFileReference; fileEncoding = 4; lastKnownFileType = sourcecode.c.objc; path = PWCValidation.m; sourceTree = "<group>"; };
/* End PBXFileReference section */

/* Begin PBXFrameworksBuildPhase section */
		C5934E241C685CBC002FF345 /* Frameworks */ = {
			isa = PBXFrameworksBuildPhase;
			buildActionMask = 2147483647;
			files = (
			);
			runOnlyForDeploymentPostprocessing = 0;
		};
		C5934E3D1C685CBC002FF345 /* Frameworks */ = {
			isa = PBXFrameworksBuildPhase;
			buildActionMask = 2147483647;
			files = (
			);
			runOnlyForDeploymentPostprocessing = 0;
		};
/* End PBXFrameworksBuildPhase section */

/* Begin PBXGroup section */
		C5934E1E1C685CBC002FF345 = {
			isa = PBXGroup;
			children = (
				C5934E291C685CBC002FF345 /* PWCValidation */,
				C5934E431C685CBC002FF345 /* PWCValidationTests */,
				C5934E281C685CBC002FF345 /* Products */,
			);
			sourceTree = "<group>";
		};
		C5934E281C685CBC002FF345 /* Products */ = {
			isa = PBXGroup;
			children = (
				C5934E271C685CBC002FF345 /* PWCValidation.app */,
				C5934E401C685CBC002FF345 /* PWCValidationTests.xctest */,
			);
			name = Products;
			sourceTree = "<group>";
		};
		C5934E291C685CBC002FF345 /* PWCValidation */ = {
			isa = PBXGroup;
			children = (
				C5934E2D1C685CBC002FF345 /* AppDelegate.h */,
				C5934E2E1C685CBC002FF345 /* AppDelegate.m */,
				C5934E301C685CBC002FF345 /* ViewController.h */,
				C5934E311C685CBC002FF345 /* ViewController.m */,
				C5934E3B1C685CBC002FF345 /* Info.plist */,
				C5934E4F1C685DBA002FF345 /* Assets */,
				C5934E551C685DBA002FF345 /* Validation */,
				C5934E2A1C685CBC002FF345 /* Supporting Files */,
			);
			path = PWCValidation;
			sourceTree = "<group>";
		};
		C5934E2A1C685CBC002FF345 /* Supporting Files */ = {
			isa = PBXGroup;
			children = (
				C5934E2B1C685CBC002FF345 /* main.m */,
			);
			name = "Supporting Files";
			sourceTree = "<group>";
		};
		C5934E431C685CBC002FF345 /* PWCValidationTests */ = {
			isa = PBXGroup;
			children = (
				C5934E441C685CBC002FF345 /* PWCValidationTests.m */,
				C5934E461C685CBC002FF345 /* Info.plist */,
			);
			path = PWCValidationTests;
			sourceTree = "<group>";
		};
		C5934E4F1C685DBA002FF345 /* Assets */ = {
			isa = PBXGroup;
			children = (
				C5934E501C685DBA002FF345 /* Assets.xcassets */,
				C5934E511C685DBA002FF345 /* LaunchScreen.storyboard */,
				C5934E531C685DBA002FF345 /* Main.storyboard */,
			);
			path = Assets;
			sourceTree = "<group>";
		};
		C5934E551C685DBA002FF345 /* Validation */ = {
			isa = PBXGroup;
			children = (
				C5934E591C685DE6002FF345 /* PWCValidation.h */,
				C5934E5A1C685DE6002FF345 /* PWCValidation.m */,
			);
			path = Validation;
			sourceTree = "<group>";
		};
/* End PBXGroup section */

/* Begin PBXNativeTarget section */
		C5934E261C685CBC002FF345 /* PWCValidation */ = {
			isa = PBXNativeTarget;
			buildConfigurationList = C5934E491C685CBC002FF345 /* Build configuration list for PBXNativeTarget "PWCValidation" */;
			buildPhases = (
				C5934E231C685CBC002FF345 /* Sources */,
				C5934E241C685CBC002FF345 /* Frameworks */,
				C5934E251C685CBC002FF345 /* Resources */,
			);
			buildRules = (
			);
			dependencies = (
			);
			name = PWCValidation;
			productName = PWCValidation;
			productReference = C5934E271C685CBC002FF345 /* PWCValidation.app */;
			productType = "com.apple.product-type.application";
		};
		C5934E3F1C685CBC002FF345 /* PWCValidationTests */ = {
			isa = PBXNativeTarget;
			buildConfigurationList = C5934E4C1C685CBC002FF345 /* Build configuration list for PBXNativeTarget "PWCValidationTests" */;
			buildPhases = (
				C5934E3C1C685CBC002FF345 /* Sources */,
				C5934E3D1C685CBC002FF345 /* Frameworks */,
				C5934E3E1C685CBC002FF345 /* Resources */,
			);
			buildRules = (
			);
			dependencies = (
				C5934E421C685CBC002FF345 /* PBXTargetDependency */,
			);
			name = PWCValidationTests;
			productName = PWCValidationTests;
			productReference = C5934E401C685CBC002FF345 /* PWCValidationTests.xctest */;
			productType = "com.apple.product-type.bundle.unit-test";
		};
/* End PBXNativeTarget section */

/* Begin PBXProject section */
		C5934E1F1C685CBC002FF345 /* Project object */ = {
			isa = PBXProject;
			attributes = {
				LastUpgradeCheck = 0710;
				ORGANIZATIONNAME = "PWC SDC Bangalore";
				TargetAttributes = {
					C5934E261C685CBC002FF345 = {
						CreatedOnToolsVersion = 7.1.1;
					};
					C5934E3F1C685CBC002FF345 = {
						CreatedOnToolsVersion = 7.1.1;
						TestTargetID = C5934E261C685CBC002FF345;
					};
				};
			};
			buildConfigurationList = C5934E221C685CBC002FF345 /* Build configuration list for PBXProject "PWCValidation" */;
			compatibilityVersion = "Xcode 3.2";
			developmentRegion = English;
			hasScannedForEncodings = 0;
			knownRegions = (
				en,
				Base,
			);
			mainGroup = C5934E1E1C685CBC002FF345;
			productRefGroup = C5934E281C685CBC002FF345 /* Products */;
			projectDirPath = "";
			projectRoot = "";
			targets = (
				C5934E261C685CBC002FF345 /* PWCValidation */,
				C5934E3F1C685CBC002FF345 /* PWCValidationTests */,
			);
		};
/* End PBXProject section */

/* Begin PBXResourcesBuildPhase section */
		C5934E251C685CBC002FF345 /* Resources */ = {
			isa = PBXResourcesBuildPhase;
			buildActionMask = 2147483647;
			files = (
				C5934E581C685DBA002FF345 /* Main.storyboard in Resources */,
				C5934E561C685DBA002FF345 /* Assets.xcassets in Resources */,
				C5934E571C685DBA002FF345 /* LaunchScreen.storyboard in Resources */,
			);
			runOnlyForDeploymentPostprocessing = 0;
		};
		C5934E3E1C685CBC002FF345 /* Resources */ = {
			isa = PBXResourcesBuildPhase;
			buildActionMask = 2147483647;
			files = (
			);
			runOnlyForDeploymentPostprocessing = 0;
		};
/* End PBXResourcesBuildPhase section */

/* Begin PBXSourcesBuildPhase section */
		C5934E231C685CBC002FF345 /* Sources */ = {
			isa = PBXSourcesBuildPhase;
			buildActionMask = 2147483647;
			files = (
				C5934E321C685CBC002FF345 /* ViewController.m in Sources */,
				C5934E2F1C685CBC002FF345 /* AppDelegate.m in Sources */,
				C5934E2C1C685CBC002FF345 /* main.m in Sources */,
				C5934E5B1C685DE6002FF345 /* PWCValidation.m in Sources */,
			);
			runOnlyForDeploymentPostprocessing = 0;
		};
		C5934E3C1C685CBC002FF345 /* Sources */ = {
			isa = PBXSourcesBuildPhase;
			buildActionMask = 2147483647;
			files = (
				C5934E451C685CBC002FF345 /* PWCValidationTests.m in Sources */,
			);
			runOnlyForDeploymentPostprocessing = 0;
		};
/* End PBXSourcesBuildPhase section */

/* Begin PBXTargetDependency section */
		C5934E421C685CBC002FF345 /* PBXTargetDependency */ = {
			isa = PBXTargetDependency;
			target = C5934E261C685CBC002FF345 /* PWCValidation */;
			targetProxy = C5934E411C685CBC002FF345 /* PBXContainerItemProxy */;
		};
/* End PBXTargetDependency section */

/* Begin PBXVariantGroup section */
		C5934E511C685DBA002FF345 /* LaunchScreen.storyboard */ = {
			isa = PBXVariantGroup;
			children = (
				C5934E521C685DBA002FF345 /* Base */,
			);
			name = LaunchScreen.storyboard;
			sourceTree = "<group>";
		};
		C5934E531C685DBA002FF345 /* Main.storyboard */ = {
			isa = PBXVariantGroup;
			children = (
				C5934E541C685DBA002FF345 /* Base */,
			);
			name = Main.storyboard;
			sourceTree = "<group>";
		};
/* End PBXVariantGroup section */

/* Begin XCBuildConfiguration section */
		C5934E471C685CBC002FF345 /* Debug */ = {
			isa = XCBuildConfiguration;
			buildSettings = {
				ALWAYS_SEARCH_USER_PATHS = NO;
				CLANG_CXX_LANGUAGE_STANDARD = "gnu++0x";
				CLANG_CXX_LIBRARY = "libc++";
				CLANG_ENABLE_MODULES = YES;
				CLANG_ENABLE_OBJC_ARC = YES;
				CLANG_WARN_BOOL_CONVERSION = YES;
				CLANG_WARN_CONSTANT_CONVERSION = YES;
				CLANG_WARN_DIRECT_OBJC_ISA_USAGE = YES_ERROR;
				CLANG_WARN_EMPTY_BODY = YES;
				CLANG_WARN_ENUM_CONVERSION = YES;
				CLANG_WARN_INT_CONVERSION = YES;
				CLANG_WARN_OBJC_ROOT_CLASS = YES_ERROR;
				CLANG_WARN_UNREACHABLE_CODE = YES;
				CLANG_WARN__DUPLICATE_METHOD_MATCH = YES;
				"CODE_SIGN_IDENTITY[sdk=iphoneos*]" = "iPhone Developer";
				COPY_PHASE_STRIP = NO;
				DEBUG_INFORMATION_FORMAT = dwarf;
				ENABLE_STRICT_OBJC_MSGSEND = YES;
				ENABLE_TESTABILITY = YES;
				GCC_C_LANGUAGE_STANDARD = gnu99;
				GCC_DYNAMIC_NO_PIC = NO;
				GCC_NO_COMMON_BLOCKS = YES;
				GCC_OPTIMIZATION_LEVEL = 0;
				GCC_PREPROCESSOR_DEFINITIONS = (
					"DEBUG=1",
					"$(inherited)",
				);
				GCC_WARN_64_TO_32_BIT_CONVERSION = YES;
				GCC_WARN_ABOUT_RETURN_TYPE = YES_ERROR;
				GCC_WARN_UNDECLARED_SELECTOR = YES;
				GCC_WARN_UNINITIALIZED_AUTOS = YES_AGGRESSIVE;
				GCC_WARN_UNUSED_FUNCTION = YES;
				GCC_WARN_UNUSED_VARIABLE = YES;
				IPHONEOS_DEPLOYMENT_TARGET = 9.1;
				MTL_ENABLE_DEBUG_INFO = YES;
				ONLY_ACTIVE_ARCH = YES;
				SDKROOT = iphoneos;
			};
			name = Debug;
		};
		C5934E481C685CBC002FF345 /* Release */ = {
			isa = XCBuildConfiguration;
			buildSettings = {
				ALWAYS_SEARCH_USER_PATHS = NO;
				CLANG_CXX_LANGUAGE_STANDARD = "gnu++0x";
				CLANG_CXX_LIBRARY = "libc++";
				CLANG_ENABLE_MODULES = YES;
				CLANG_ENABLE_OBJC_ARC = YES;
				CLANG_WARN_BOOL_CONVERSION = YES;
				CLANG_WARN_CONSTANT_CONVERSION = YES;
				CLANG_WARN_DIRECT_OBJC_ISA_USAGE = YES_ERROR;
				CLANG_WARN_EMPTY_BODY = YES;
				CLANG_WARN_ENUM_CONVERSION = YES;
				CLANG_WARN_INT_CONVERSION = YES;
				CLANG_WARN_OBJC_ROOT_CLASS = YES_ERROR;
				CLANG_WARN_UNREACHABLE_CODE = YES;
				CLANG_WARN__DUPLICATE_METHOD_MATCH = YES;
				"CODE_SIGN_IDENTITY[sdk=iphoneos*]" = "iPhone Developer";
				COPY_PHASE_STRIP = NO;
				DEBUG_INFORMATION_FORMAT = "dwarf-with-dsym";
				ENABLE_NS_ASSERTIONS = NO;
				ENABLE_STRICT_OBJC_MSGSEND = YES;
				GCC_C_LANGUAGE_STANDARD = gnu99;
				GCC_NO_COMMON_BLOCKS = YES;
				GCC_WARN_64_TO_32_BIT_CONVERSION = YES;
				GCC_WARN_ABOUT_RETURN_TYPE = YES_ERROR;
				GCC_WARN_UNDECLARED_SELECTOR = YES;
				GCC_WARN_UNINITIALIZED_AUTOS = YES_AGGRESSIVE;
				GCC_WARN_UNUSED_FUNCTION = YES;
				GCC_WARN_UNUSED_VARIABLE = YES;
				IPHONEOS_DEPLOYMENT_TARGET = 9.1;
				MTL_ENABLE_DEBUG_INFO = NO;
				SDKROOT = iphoneos;
				VALIDATE_PRODUCT = YES;
			};
			name = Release;
		};
		C5934E4A1C685CBC002FF345 /* Debug */ = {
			isa = XCBuildConfiguration;
			buildSettings = {
				ASSETCATALOG_COMPILER_APPICON_NAME = AppIcon;
				INFOPLIST_FILE = PWCValidation/Info.plist;
				LD_RUNPATH_SEARCH_PATHS = "$(inherited) @executable_path/Frameworks";
				PRODUCT_BUNDLE_IDENTIFIER = com.pwc.appaccel.PWCValidation;
				PRODUCT_NAME = "$(TARGET_NAME)";
			};
			name = Debug;
		};
		C5934E4B1C685CBC002FF345 /* Release */ = {
			isa = XCBuildConfiguration;
			buildSettings = {
				ASSETCATALOG_COMPILER_APPICON_NAME = AppIcon;
				INFOPLIST_FILE = PWCValidation/Info.plist;
				LD_RUNPATH_SEARCH_PATHS = "$(inherited) @executable_path/Frameworks";
				PRODUCT_BUNDLE_IDENTIFIER = com.pwc.appaccel.PWCValidation;
				PRODUCT_NAME = "$(TARGET_NAME)";
			};
			name = Release;
		};
		C5934E4D1C685CBC002FF345 /* Debug */ = {
			isa = XCBuildConfiguration;
			buildSettings = {
				BUNDLE_LOADER = "$(TEST_HOST)";
				INFOPLIST_FILE = PWCValidationTests/Info.plist;
				LD_RUNPATH_SEARCH_PATHS = "$(inherited) @executable_path/Frameworks @loader_path/Frameworks";
				PRODUCT_BUNDLE_IDENTIFIER = com.pwc.appaccel.PWCValidationTests;
				PRODUCT_NAME = "$(TARGET_NAME)";
				TEST_HOST = "$(BUILT_PRODUCTS_DIR)/PWCValidation.app/PWCValidation";
			};
			name = Debug;
		};
		C5934E4E1C685CBC002FF345 /* Release */ = {
			isa = XCBuildConfiguration;
			buildSettings = {
				BUNDLE_LOADER = "$(TEST_HOST)";
				INFOPLIST_FILE = PWCValidationTests/Info.plist;
				LD_RUNPATH_SEARCH_PATHS = "$(inherited) @executable_path/Frameworks @loader_path/Frameworks";
				PRODUCT_BUNDLE_IDENTIFIER = com.pwc.appaccel.PWCValidationTests;
				PRODUCT_NAME = "$(TARGET_NAME)";
				TEST_HOST = "$(BUILT_PRODUCTS_DIR)/PWCValidation.app/PWCValidation";
			};
			name = Release;
		};
/* End XCBuildConfiguration section */

/* Begin XCConfigurationList section */
		C5934E221C685CBC002FF345 /* Build configuration list for PBXProject "PWCValidation" */ = {
			isa = XCConfigurationList;
			buildConfigurations = (
				C5934E471C685CBC002FF345 /* Debug */,
				C5934E481C685CBC002FF345 /* Release */,
			);
			defaultConfigurationIsVisible = 0;
			defaultConfigurationName = Release;
		};
		C5934E491C685CBC002FF345 /* Build configuration list for PBXNativeTarget "PWCValidation" */ = {
			isa = XCConfigurationList;
			buildConfigurations = (
				C5934E4A1C685CBC002FF345 /* Debug */,
				C5934E4B1C685CBC002FF345 /* Release */,
			);
			defaultConfigurationIsVisible = 0;
		};
		C5934E4C1C685CBC002FF345 /* Build configuration list for PBXNativeTarget "PWCValidationTests" */ = {
			isa = XCConfigurationList;
			buildConfigurations = (
				C5934E4D1C685CBC002FF345 /* Debug */,
				C5934E4E1C685CBC002FF345 /* Release */,
			);
			defaultConfigurationIsVisible = 0;
		};
/* End XCConfigurationList section */
	};
	rootObject = C5934E1F1C685CBC002FF345 /* Project object */;
}
